// !$*UTF8*$!
{
	archiveVersion = 1;
	classes = {
	};
	objectVersion = 46;
	objects = {

/* Begin PBXBuildFile section */
		A0BD74371F1A582E005EBC33 /* Twitter_DemoTests.swift in Sources */ = {isa = PBXBuildFile; fileRef = A0BD74361F1A582E005EBC33 /* Twitter_DemoTests.swift */; };
		A0BD744B1F1A5D39005EBC33 /* Assets.xcassets in Resources */ = {isa = PBXBuildFile; fileRef = A0BD74421F1A5D39005EBC33 /* Assets.xcassets */; };
		A0BD744C1F1A5D39005EBC33 /* LaunchScreen.storyboard in Resources */ = {isa = PBXBuildFile; fileRef = A0BD74431F1A5D39005EBC33 /* LaunchScreen.storyboard */; };
		A0BD744D1F1A5D39005EBC33 /* Main.storyboard in Resources */ = {isa = PBXBuildFile; fileRef = A0BD74451F1A5D39005EBC33 /* Main.storyboard */; };
		A0BD744E1F1A5D39005EBC33 /* AppDelegate.swift in Sources */ = {isa = PBXBuildFile; fileRef = A0BD74481F1A5D39005EBC33 /* AppDelegate.swift */; };
		A0BD74541F1AD7F6005EBC33 /* Coordinator.swift in Sources */ = {isa = PBXBuildFile; fileRef = A0BD74531F1AD7F6005EBC33 /* Coordinator.swift */; };
		A0BD745B1F1AE363005EBC33 /* R.generated.swift in Sources */ = {isa = PBXBuildFile; fileRef = A0BD745A1F1AE363005EBC33 /* R.generated.swift */; };
		A0BD745D1F1AF857005EBC33 /* SafariServices.framework in Frameworks */ = {isa = PBXBuildFile; fileRef = A0BD745C1F1AF857005EBC33 /* SafariServices.framework */; };
		A0BD745F1F1B09B1005EBC33 /* TwitterService.swift in Sources */ = {isa = PBXBuildFile; fileRef = A0BD745E1F1B09B1005EBC33 /* TwitterService.swift */; };
		A0BD74611F1B09C4005EBC33 /* TwitterSessionStore.swift in Sources */ = {isa = PBXBuildFile; fileRef = A0BD74601F1B09C4005EBC33 /* TwitterSessionStore.swift */; };
		A0BD74641F1B0B18005EBC33 /* Binder.swift in Sources */ = {isa = PBXBuildFile; fileRef = A0BD74631F1B0B18005EBC33 /* Binder.swift */; };
		A0BD74691F1B15FB005EBC33 /* LoginViewController.swift in Sources */ = {isa = PBXBuildFile; fileRef = A0BD74661F1B15FB005EBC33 /* LoginViewController.swift */; };
		A0BD746A1F1B15FB005EBC33 /* LoginViewModel.swift in Sources */ = {isa = PBXBuildFile; fileRef = A0BD74671F1B15FB005EBC33 /* LoginViewModel.swift */; };
		A0BD746C1F1B160C005EBC33 /* TimelineViewController.swift in Sources */ = {isa = PBXBuildFile; fileRef = A0BD746B1F1B160C005EBC33 /* TimelineViewController.swift */; };
		A0BD746E1F1B1652005EBC33 /* HomeTimelineViewModel.swift in Sources */ = {isa = PBXBuildFile; fileRef = A0BD746D1F1B1652005EBC33 /* HomeTimelineViewModel.swift */; };
		A0BD74701F1B287F005EBC33 /* TweetCell.swift in Sources */ = {isa = PBXBuildFile; fileRef = A0BD746F1F1B287F005EBC33 /* TweetCell.swift */; };
		A0BD74761F1B4447005EBC33 /* TwitterNetworkProxy.swift in Sources */ = {isa = PBXBuildFile; fileRef = A0BD74741F1B4447005EBC33 /* TwitterNetworkProxy.swift */; };
		A0BD74771F1B4447005EBC33 /* TwitterRepository.swift in Sources */ = {isa = PBXBuildFile; fileRef = A0BD74751F1B4447005EBC33 /* TwitterRepository.swift */; };
		A0BD74791F1B59ED005EBC33 /* TweetCellViewModel.swift in Sources */ = {isa = PBXBuildFile; fileRef = A0BD74781F1B59ED005EBC33 /* TweetCellViewModel.swift */; };
		A0BD747C1F1B681B005EBC33 /* ProfileViewController.swift in Sources */ = {isa = PBXBuildFile; fileRef = A0BD747B1F1B681B005EBC33 /* ProfileViewController.swift */; };
		A0BD747E1F1B6828005EBC33 /* ProfileViewModel.swift in Sources */ = {isa = PBXBuildFile; fileRef = A0BD747D1F1B6828005EBC33 /* ProfileViewModel.swift */; };
		A0BD74831F1BF2AE005EBC33 /* FavouritesViewModel.swift in Sources */ = {isa = PBXBuildFile; fileRef = A0BD74821F1BF2AE005EBC33 /* FavouritesViewModel.swift */; };
		A0BD74851F1BF32D005EBC33 /* TimelineViewModel.swift in Sources */ = {isa = PBXBuildFile; fileRef = A0BD74841F1BF32D005EBC33 /* TimelineViewModel.swift */; };
		A0BD74871F1BF629005EBC33 /* TwitterDatabase.swift in Sources */ = {isa = PBXBuildFile; fileRef = A0BD74861F1BF629005EBC33 /* TwitterDatabase.swift */; };
		A0BD748A1F1C18F7005EBC33 /* Completable+Operators.swift in Sources */ = {isa = PBXBuildFile; fileRef = A0BD74891F1C18F7005EBC33 /* Completable+Operators.swift */; };
		A84A1F1E8768CBE300B14294 /* Pods_Twitter_DemoTests.framework in Frameworks */ = {isa = PBXBuildFile; fileRef = 119A4F09A93C1C5DD74C7BC2 /* Pods_Twitter_DemoTests.framework */; };
		F705741FE458254410193646 /* Pods_Twitter_Demo.framework in Frameworks */ = {isa = PBXBuildFile; fileRef = 9AFF083571A656105FC86B4E /* Pods_Twitter_Demo.framework */; };
/* End PBXBuildFile section */

/* Begin PBXContainerItemProxy section */
		A0BD74331F1A582E005EBC33 /* PBXContainerItemProxy */ = {
			isa = PBXContainerItemProxy;
			containerPortal = A0BD74161F1A5829005EBC33 /* Project object */;
			proxyType = 1;
			remoteGlobalIDString = A0BD741D1F1A582A005EBC33;
			remoteInfo = "Twitter Demo";
		};
/* End PBXContainerItemProxy section */

/* Begin PBXFileReference section */
		119A4F09A93C1C5DD74C7BC2 /* Pods_Twitter_DemoTests.framework */ = {isa = PBXFileReference; explicitFileType = wrapper.framework; includeInIndex = 0; path = Pods_Twitter_DemoTests.framework; sourceTree = BUILT_PRODUCTS_DIR; };
		4374720C3480D40F45CA4D7A /* Pods-Twitter Demo.debug.xcconfig */ = {isa = PBXFileReference; includeInIndex = 1; lastKnownFileType = text.xcconfig; name = "Pods-Twitter Demo.debug.xcconfig"; path = "Pods/Target Support Files/Pods-Twitter Demo/Pods-Twitter Demo.debug.xcconfig"; sourceTree = "<group>"; };
		4E9E4ADB4DB1BF34C9573709 /* Pods-Twitter DemoTests.debug.xcconfig */ = {isa = PBXFileReference; includeInIndex = 1; lastKnownFileType = text.xcconfig; name = "Pods-Twitter DemoTests.debug.xcconfig"; path = "Pods/Target Support Files/Pods-Twitter DemoTests/Pods-Twitter DemoTests.debug.xcconfig"; sourceTree = "<group>"; };
		508DFF8833AC352E99AE8991 /* Pods-Twitter Demo.release.xcconfig */ = {isa = PBXFileReference; includeInIndex = 1; lastKnownFileType = text.xcconfig; name = "Pods-Twitter Demo.release.xcconfig"; path = "Pods/Target Support Files/Pods-Twitter Demo/Pods-Twitter Demo.release.xcconfig"; sourceTree = "<group>"; };
		6E04FE62AAEE04793C66DAA6 /* Pods-Twitter DemoTests.release.xcconfig */ = {isa = PBXFileReference; includeInIndex = 1; lastKnownFileType = text.xcconfig; name = "Pods-Twitter DemoTests.release.xcconfig"; path = "Pods/Target Support Files/Pods-Twitter DemoTests/Pods-Twitter DemoTests.release.xcconfig"; sourceTree = "<group>"; };
		9AFF083571A656105FC86B4E /* Pods_Twitter_Demo.framework */ = {isa = PBXFileReference; explicitFileType = wrapper.framework; includeInIndex = 0; path = Pods_Twitter_Demo.framework; sourceTree = BUILT_PRODUCTS_DIR; };
		A0BD741E1F1A582D005EBC33 /* Twitter Demo.app */ = {isa = PBXFileReference; explicitFileType = wrapper.application; includeInIndex = 0; path = "Twitter Demo.app"; sourceTree = BUILT_PRODUCTS_DIR; };
		A0BD742D1F1A582D005EBC33 /* Info.plist */ = {isa = PBXFileReference; lastKnownFileType = text.plist.xml; path = Info.plist; sourceTree = "<group>"; };
		A0BD74321F1A582E005EBC33 /* Twitter DemoTests.xctest */ = {isa = PBXFileReference; explicitFileType = wrapper.cfbundle; includeInIndex = 0; path = "Twitter DemoTests.xctest"; sourceTree = BUILT_PRODUCTS_DIR; };
		A0BD74361F1A582E005EBC33 /* Twitter_DemoTests.swift */ = {isa = PBXFileReference; lastKnownFileType = sourcecode.swift; path = Twitter_DemoTests.swift; sourceTree = "<group>"; };
		A0BD74381F1A582E005EBC33 /* Info.plist */ = {isa = PBXFileReference; lastKnownFileType = text.plist.xml; path = Info.plist; sourceTree = "<group>"; };
		A0BD74421F1A5D39005EBC33 /* Assets.xcassets */ = {isa = PBXFileReference; lastKnownFileType = folder.assetcatalog; path = Assets.xcassets; sourceTree = "<group>"; };
		A0BD74441F1A5D39005EBC33 /* Base */ = {isa = PBXFileReference; lastKnownFileType = file.storyboard; name = Base; path = Base.lproj/LaunchScreen.storyboard; sourceTree = "<group>"; };
		A0BD74461F1A5D39005EBC33 /* Base */ = {isa = PBXFileReference; lastKnownFileType = file.storyboard; name = Base; path = Base.lproj/Main.storyboard; sourceTree = "<group>"; };
		A0BD74481F1A5D39005EBC33 /* AppDelegate.swift */ = {isa = PBXFileReference; fileEncoding = 4; lastKnownFileType = sourcecode.swift; path = AppDelegate.swift; sourceTree = "<group>"; };
		A0BD74531F1AD7F6005EBC33 /* Coordinator.swift */ = {isa = PBXFileReference; fileEncoding = 4; lastKnownFileType = sourcecode.swift; path = Coordinator.swift; sourceTree = "<group>"; };
		A0BD745A1F1AE363005EBC33 /* R.generated.swift */ = {isa = PBXFileReference; fileEncoding = 4; lastKnownFileType = sourcecode.swift; path = R.generated.swift; sourceTree = "<group>"; };
		A0BD745C1F1AF857005EBC33 /* SafariServices.framework */ = {isa = PBXFileReference; lastKnownFileType = wrapper.framework; name = SafariServices.framework; path = System/Library/Frameworks/SafariServices.framework; sourceTree = SDKROOT; };
		A0BD745E1F1B09B1005EBC33 /* TwitterService.swift */ = {isa = PBXFileReference; fileEncoding = 4; lastKnownFileType = sourcecode.swift; path = TwitterService.swift; sourceTree = "<group>"; };
		A0BD74601F1B09C4005EBC33 /* TwitterSessionStore.swift */ = {isa = PBXFileReference; fileEncoding = 4; lastKnownFileType = sourcecode.swift; path = TwitterSessionStore.swift; sourceTree = "<group>"; };
		A0BD74631F1B0B18005EBC33 /* Binder.swift */ = {isa = PBXFileReference; fileEncoding = 4; lastKnownFileType = sourcecode.swift; path = Binder.swift; sourceTree = "<group>"; };
		A0BD74661F1B15FB005EBC33 /* LoginViewController.swift */ = {isa = PBXFileReference; fileEncoding = 4; lastKnownFileType = sourcecode.swift; path = LoginViewController.swift; sourceTree = "<group>"; };
		A0BD74671F1B15FB005EBC33 /* LoginViewModel.swift */ = {isa = PBXFileReference; fileEncoding = 4; lastKnownFileType = sourcecode.swift; path = LoginViewModel.swift; sourceTree = "<group>"; };
		A0BD746B1F1B160C005EBC33 /* TimelineViewController.swift */ = {isa = PBXFileReference; fileEncoding = 4; lastKnownFileType = sourcecode.swift; path = TimelineViewController.swift; sourceTree = "<group>"; };
		A0BD746D1F1B1652005EBC33 /* HomeTimelineViewModel.swift */ = {isa = PBXFileReference; fileEncoding = 4; lastKnownFileType = sourcecode.swift; path = HomeTimelineViewModel.swift; sourceTree = "<group>"; };
		A0BD746F1F1B287F005EBC33 /* TweetCell.swift */ = {isa = PBXFileReference; fileEncoding = 4; lastKnownFileType = sourcecode.swift; path = TweetCell.swift; sourceTree = "<group>"; };
		A0BD74741F1B4447005EBC33 /* TwitterNetworkProxy.swift */ = {isa = PBXFileReference; fileEncoding = 4; lastKnownFileType = sourcecode.swift; path = TwitterNetworkProxy.swift; sourceTree = "<group>"; };
		A0BD74751F1B4447005EBC33 /* TwitterRepository.swift */ = {isa = PBXFileReference; fileEncoding = 4; lastKnownFileType = sourcecode.swift; path = TwitterRepository.swift; sourceTree = "<group>"; };
		A0BD74781F1B59ED005EBC33 /* TweetCellViewModel.swift */ = {isa = PBXFileReference; fileEncoding = 4; lastKnownFileType = sourcecode.swift; path = TweetCellViewModel.swift; sourceTree = "<group>"; };
		A0BD747B1F1B681B005EBC33 /* ProfileViewController.swift */ = {isa = PBXFileReference; fileEncoding = 4; lastKnownFileType = sourcecode.swift; path = ProfileViewController.swift; sourceTree = "<group>"; };
		A0BD747D1F1B6828005EBC33 /* ProfileViewModel.swift */ = {isa = PBXFileReference; fileEncoding = 4; lastKnownFileType = sourcecode.swift; path = ProfileViewModel.swift; sourceTree = "<group>"; };
		A0BD74821F1BF2AE005EBC33 /* FavouritesViewModel.swift */ = {isa = PBXFileReference; fileEncoding = 4; lastKnownFileType = sourcecode.swift; path = FavouritesViewModel.swift; sourceTree = "<group>"; };
		A0BD74841F1BF32D005EBC33 /* TimelineViewModel.swift */ = {isa = PBXFileReference; fileEncoding = 4; lastKnownFileType = sourcecode.swift; path = TimelineViewModel.swift; sourceTree = "<group>"; };
		A0BD74861F1BF629005EBC33 /* TwitterDatabase.swift */ = {isa = PBXFileReference; fileEncoding = 4; lastKnownFileType = sourcecode.swift; path = TwitterDatabase.swift; sourceTree = "<group>"; };
		A0BD74891F1C18F7005EBC33 /* Completable+Operators.swift */ = {isa = PBXFileReference; fileEncoding = 4; lastKnownFileType = sourcecode.swift; path = "Completable+Operators.swift"; sourceTree = "<group>"; };
/* End PBXFileReference section */

/* Begin PBXFrameworksBuildPhase section */
		A0BD741B1F1A582A005EBC33 /* Frameworks */ = {
			isa = PBXFrameworksBuildPhase;
			buildActionMask = 2147483647;
			files = (
				A0BD745D1F1AF857005EBC33 /* SafariServices.framework in Frameworks */,
				F705741FE458254410193646 /* Pods_Twitter_Demo.framework in Frameworks */,
			);
			runOnlyForDeploymentPostprocessing = 0;
		};
		A0BD742F1F1A582E005EBC33 /* Frameworks */ = {
			isa = PBXFrameworksBuildPhase;
			buildActionMask = 2147483647;
			files = (
				A84A1F1E8768CBE300B14294 /* Pods_Twitter_DemoTests.framework in Frameworks */,
			);
			runOnlyForDeploymentPostprocessing = 0;
		};
/* End PBXFrameworksBuildPhase section */

/* Begin PBXGroup section */
		0518EC6709D75D83C8400403 /* Pods */ = {
			isa = PBXGroup;
			children = (
				4374720C3480D40F45CA4D7A /* Pods-Twitter Demo.debug.xcconfig */,
				508DFF8833AC352E99AE8991 /* Pods-Twitter Demo.release.xcconfig */,
				4E9E4ADB4DB1BF34C9573709 /* Pods-Twitter DemoTests.debug.xcconfig */,
				6E04FE62AAEE04793C66DAA6 /* Pods-Twitter DemoTests.release.xcconfig */,
			);
			name = Pods;
			sourceTree = "<group>";
		};
		A0BD74151F1A5829005EBC33 = {
			isa = PBXGroup;
			children = (
				A0BD74201F1A582D005EBC33 /* Twitter Demo */,
				A0BD74351F1A582E005EBC33 /* Twitter DemoTests */,
				A0BD741F1F1A582D005EBC33 /* Products */,
				0518EC6709D75D83C8400403 /* Pods */,
				DE483DA876ADB3AC817B16E5 /* Frameworks */,
			);
			sourceTree = "<group>";
		};
		A0BD741F1F1A582D005EBC33 /* Products */ = {
			isa = PBXGroup;
			children = (
				A0BD741E1F1A582D005EBC33 /* Twitter Demo.app */,
				A0BD74321F1A582E005EBC33 /* Twitter DemoTests.xctest */,
			);
			name = Products;
			sourceTree = "<group>";
		};
		A0BD74201F1A582D005EBC33 /* Twitter Demo */ = {
			isa = PBXGroup;
			children = (
				A0BD74471F1A5D39005EBC33 /* Source */,
				A0BD74411F1A5D39005EBC33 /* Resources */,
				A0BD742D1F1A582D005EBC33 /* Info.plist */,
			);
			path = "Twitter Demo";
			sourceTree = "<group>";
		};
		A0BD74351F1A582E005EBC33 /* Twitter DemoTests */ = {
			isa = PBXGroup;
			children = (
				A0BD74361F1A582E005EBC33 /* Twitter_DemoTests.swift */,
				A0BD74381F1A582E005EBC33 /* Info.plist */,
			);
			path = "Twitter DemoTests";
			sourceTree = "<group>";
		};
		A0BD74411F1A5D39005EBC33 /* Resources */ = {
			isa = PBXGroup;
			children = (
				A0BD74421F1A5D39005EBC33 /* Assets.xcassets */,
				A0BD74431F1A5D39005EBC33 /* LaunchScreen.storyboard */,
				A0BD74451F1A5D39005EBC33 /* Main.storyboard */,
				A0BD745A1F1AE363005EBC33 /* R.generated.swift */,
			);
			path = Resources;
			sourceTree = "<group>";
		};
		A0BD74471F1A5D39005EBC33 /* Source */ = {
			isa = PBXGroup;
			children = (
				A0BD74481F1A5D39005EBC33 /* AppDelegate.swift */,
				A0BD74531F1AD7F6005EBC33 /* Coordinator.swift */,
				A0BD74491F1A5D39005EBC33 /* Screens */,
				A0BD74501F1AD46A005EBC33 /* Services */,
				A0BD74881F1C18E2005EBC33 /* Extensions */,
				A0BD74621F1B0B04005EBC33 /* Utils */,
			);
			path = Source;
			sourceTree = "<group>";
		};
		A0BD74491F1A5D39005EBC33 /* Screens */ = {
			isa = PBXGroup;
			children = (
				A0BD74651F1B15FB005EBC33 /* Login */,
				A0BD74681F1B15FB005EBC33 /* Timeline */,
				A0BD747A1F1B680A005EBC33 /* Profile */,
				A0BD74811F1BF2AE005EBC33 /* Favourites */,
			);
			path = Screens;
			sourceTree = "<group>";
		};
		A0BD74501F1AD46A005EBC33 /* Services */ = {
			isa = PBXGroup;
			children = (
				A0BD745E1F1B09B1005EBC33 /* TwitterService.swift */,
				A0BD74601F1B09C4005EBC33 /* TwitterSessionStore.swift */,
				A0BD74731F1B4447005EBC33 /* TwitterRepository */,
			);
			path = Services;
			sourceTree = "<group>";
		};
		A0BD74621F1B0B04005EBC33 /* Utils */ = {
			isa = PBXGroup;
			children = (
				A0BD74631F1B0B18005EBC33 /* Binder.swift */,
			);
			path = Utils;
			sourceTree = "<group>";
		};
		A0BD74651F1B15FB005EBC33 /* Login */ = {
			isa = PBXGroup;
			children = (
				A0BD74661F1B15FB005EBC33 /* LoginViewController.swift */,
				A0BD74671F1B15FB005EBC33 /* LoginViewModel.swift */,
			);
			path = Login;
			sourceTree = "<group>";
		};
		A0BD74681F1B15FB005EBC33 /* Timeline */ = {
			isa = PBXGroup;
			children = (
				A0BD746B1F1B160C005EBC33 /* TimelineViewController.swift */,
				A0BD74841F1BF32D005EBC33 /* TimelineViewModel.swift */,
				A0BD746D1F1B1652005EBC33 /* HomeTimelineViewModel.swift */,
				A0BD746F1F1B287F005EBC33 /* TweetCell.swift */,
				A0BD74781F1B59ED005EBC33 /* TweetCellViewModel.swift */,
			);
			path = Timeline;
			sourceTree = "<group>";
		};
		A0BD74731F1B4447005EBC33 /* TwitterRepository */ = {
			isa = PBXGroup;
			children = (
				A0BD74751F1B4447005EBC33 /* TwitterRepository.swift */,
				A0BD74741F1B4447005EBC33 /* TwitterNetworkProxy.swift */,
				A0BD74861F1BF629005EBC33 /* TwitterDatabase.swift */,
			);
			path = TwitterRepository;
			sourceTree = "<group>";
		};
		A0BD747A1F1B680A005EBC33 /* Profile */ = {
			isa = PBXGroup;
			children = (
				A0BD747B1F1B681B005EBC33 /* ProfileViewController.swift */,
				A0BD747D1F1B6828005EBC33 /* ProfileViewModel.swift */,
			);
			path = Profile;
			sourceTree = "<group>";
		};
		A0BD74811F1BF2AE005EBC33 /* Favourites */ = {
			isa = PBXGroup;
			children = (
				A0BD74821F1BF2AE005EBC33 /* FavouritesViewModel.swift */,
			);
			path = Favourites;
			sourceTree = "<group>";
		};
		A0BD74881F1C18E2005EBC33 /* Extensions */ = {
			isa = PBXGroup;
			children = (
				A0BD74891F1C18F7005EBC33 /* Completable+Operators.swift */,
			);
			path = Extensions;
			sourceTree = "<group>";
		};
		DE483DA876ADB3AC817B16E5 /* Frameworks */ = {
			isa = PBXGroup;
			children = (
				A0BD745C1F1AF857005EBC33 /* SafariServices.framework */,
				9AFF083571A656105FC86B4E /* Pods_Twitter_Demo.framework */,
				119A4F09A93C1C5DD74C7BC2 /* Pods_Twitter_DemoTests.framework */,
			);
			name = Frameworks;
			sourceTree = "<group>";
		};
/* End PBXGroup section */

/* Begin PBXNativeTarget section */
		A0BD741D1F1A582A005EBC33 /* Twitter Demo */ = {
			isa = PBXNativeTarget;
			buildConfigurationList = A0BD743B1F1A582E005EBC33 /* Build configuration list for PBXNativeTarget "Twitter Demo" */;
			buildPhases = (
				0951A0620C2DE4429A2BEC48 /* [CP] Check Pods Manifest.lock */,
				A0BD74571F1AE1EB005EBC33 /* R.swift script */,
				A0BD741A1F1A582A005EBC33 /* Sources */,
				A0BD741B1F1A582A005EBC33 /* Frameworks */,
				A0BD741C1F1A582A005EBC33 /* Resources */,
				ACCE728ABF2E6EAD652D83DC /* [CP] Embed Pods Frameworks */,
				571347D07494060D3281289A /* [CP] Copy Pods Resources */,
			);
			buildRules = (
			);
			dependencies = (
			);
			name = "Twitter Demo";
			productName = "Twitter Demo";
			productReference = A0BD741E1F1A582D005EBC33 /* Twitter Demo.app */;
			productType = "com.apple.product-type.application";
		};
		A0BD74311F1A582E005EBC33 /* Twitter DemoTests */ = {
			isa = PBXNativeTarget;
			buildConfigurationList = A0BD743E1F1A582E005EBC33 /* Build configuration list for PBXNativeTarget "Twitter DemoTests" */;
			buildPhases = (
				ECCAE27822EBB02A32947875 /* [CP] Check Pods Manifest.lock */,
				A0BD742E1F1A582E005EBC33 /* Sources */,
				A0BD742F1F1A582E005EBC33 /* Frameworks */,
				A0BD74301F1A582E005EBC33 /* Resources */,
				E8F8CF5BC45E947099BFD13C /* [CP] Embed Pods Frameworks */,
				E8B72D6EB99A9592F1977CFD /* [CP] Copy Pods Resources */,
			);
			buildRules = (
			);
			dependencies = (
				A0BD74341F1A582E005EBC33 /* PBXTargetDependency */,
			);
			name = "Twitter DemoTests";
			productName = "Twitter DemoTests";
			productReference = A0BD74321F1A582E005EBC33 /* Twitter DemoTests.xctest */;
			productType = "com.apple.product-type.bundle.unit-test";
		};
/* End PBXNativeTarget section */

/* Begin PBXProject section */
		A0BD74161F1A5829005EBC33 /* Project object */ = {
			isa = PBXProject;
			attributes = {
				LastSwiftUpdateCheck = 0820;
				LastUpgradeCheck = 0820;
				ORGANIZATIONNAME = "Luis Valdés Cuesta";
				TargetAttributes = {
					A0BD741D1F1A582A005EBC33 = {
						CreatedOnToolsVersion = 8.2.1;
						DevelopmentTeam = H9RE9MSGB7;
						ProvisioningStyle = Automatic;
					};
					A0BD74311F1A582E005EBC33 = {
						CreatedOnToolsVersion = 8.2.1;
						DevelopmentTeam = H9RE9MSGB7;
						ProvisioningStyle = Automatic;
						TestTargetID = A0BD741D1F1A582A005EBC33;
					};
				};
			};
			buildConfigurationList = A0BD74191F1A5829005EBC33 /* Build configuration list for PBXProject "Twitter Demo" */;
			compatibilityVersion = "Xcode 3.2";
			developmentRegion = English;
			hasScannedForEncodings = 0;
			knownRegions = (
				en,
				Base,
			);
			mainGroup = A0BD74151F1A5829005EBC33;
			productRefGroup = A0BD741F1F1A582D005EBC33 /* Products */;
			projectDirPath = "";
			projectRoot = "";
			targets = (
				A0BD741D1F1A582A005EBC33 /* Twitter Demo */,
				A0BD74311F1A582E005EBC33 /* Twitter DemoTests */,
			);
		};
/* End PBXProject section */

/* Begin PBXResourcesBuildPhase section */
		A0BD741C1F1A582A005EBC33 /* Resources */ = {
			isa = PBXResourcesBuildPhase;
			buildActionMask = 2147483647;
			files = (
				A0BD744D1F1A5D39005EBC33 /* Main.storyboard in Resources */,
				A0BD744B1F1A5D39005EBC33 /* Assets.xcassets in Resources */,
				A0BD744C1F1A5D39005EBC33 /* LaunchScreen.storyboard in Resources */,
			);
			runOnlyForDeploymentPostprocessing = 0;
		};
		A0BD74301F1A582E005EBC33 /* Resources */ = {
			isa = PBXResourcesBuildPhase;
			buildActionMask = 2147483647;
			files = (
			);
			runOnlyForDeploymentPostprocessing = 0;
		};
/* End PBXResourcesBuildPhase section */

/* Begin PBXShellScriptBuildPhase section */
		0951A0620C2DE4429A2BEC48 /* [CP] Check Pods Manifest.lock */ = {
			isa = PBXShellScriptBuildPhase;
			buildActionMask = 2147483647;
			files = (
			);
			inputPaths = (
			);
			name = "[CP] Check Pods Manifest.lock";
			outputPaths = (
			);
			runOnlyForDeploymentPostprocessing = 0;
			shellPath = /bin/sh;
			shellScript = "diff \"${PODS_PODFILE_DIR_PATH}/Podfile.lock\" \"${PODS_ROOT}/Manifest.lock\" > /dev/null\nif [ $? != 0 ] ; then\n    # print error to STDERR\n    echo \"error: The sandbox is not in sync with the Podfile.lock. Run 'pod install' or update your CocoaPods installation.\" >&2\n    exit 1\nfi\n";
			showEnvVarsInLog = 0;
		};
		571347D07494060D3281289A /* [CP] Copy Pods Resources */ = {
			isa = PBXShellScriptBuildPhase;
			buildActionMask = 2147483647;
			files = (
			);
			inputPaths = (
			);
			name = "[CP] Copy Pods Resources";
			outputPaths = (
			);
			runOnlyForDeploymentPostprocessing = 0;
			shellPath = /bin/sh;
			shellScript = "\"${SRCROOT}/Pods/Target Support Files/Pods-Twitter Demo/Pods-Twitter Demo-resources.sh\"\n";
			showEnvVarsInLog = 0;
		};
		A0BD74571F1AE1EB005EBC33 /* R.swift script */ = {
			isa = PBXShellScriptBuildPhase;
			buildActionMask = 2147483647;
			files = (
			);
			inputPaths = (
			);
			name = "R.swift script";
			outputPaths = (
			);
			runOnlyForDeploymentPostprocessing = 0;
			shellPath = /bin/sh;
			shellScript = "\"$PODS_ROOT/R.swift/rswift\" \"$SRCROOT/Twitter Demo/Resources\"";
		};
		ACCE728ABF2E6EAD652D83DC /* [CP] Embed Pods Frameworks */ = {
			isa = PBXShellScriptBuildPhase;
			buildActionMask = 2147483647;
			files = (
			);
			inputPaths = (
			);
			name = "[CP] Embed Pods Frameworks";
			outputPaths = (
			);
			runOnlyForDeploymentPostprocessing = 0;
			shellPath = /bin/sh;
			shellScript = "\"${SRCROOT}/Pods/Target Support Files/Pods-Twitter Demo/Pods-Twitter Demo-frameworks.sh\"\n";
			showEnvVarsInLog = 0;
		};
		E8B72D6EB99A9592F1977CFD /* [CP] Copy Pods Resources */ = {
			isa = PBXShellScriptBuildPhase;
			buildActionMask = 2147483647;
			files = (
			);
			inputPaths = (
			);
			name = "[CP] Copy Pods Resources";
			outputPaths = (
			);
			runOnlyForDeploymentPostprocessing = 0;
			shellPath = /bin/sh;
			shellScript = "\"${SRCROOT}/Pods/Target Support Files/Pods-Twitter DemoTests/Pods-Twitter DemoTests-resources.sh\"\n";
			showEnvVarsInLog = 0;
		};
		E8F8CF5BC45E947099BFD13C /* [CP] Embed Pods Frameworks */ = {
			isa = PBXShellScriptBuildPhase;
			buildActionMask = 2147483647;
			files = (
			);
			inputPaths = (
			);
			name = "[CP] Embed Pods Frameworks";
			outputPaths = (
			);
			runOnlyForDeploymentPostprocessing = 0;
			shellPath = /bin/sh;
			shellScript = "\"${SRCROOT}/Pods/Target Support Files/Pods-Twitter DemoTests/Pods-Twitter DemoTests-frameworks.sh\"\n";
			showEnvVarsInLog = 0;
		};
		ECCAE27822EBB02A32947875 /* [CP] Check Pods Manifest.lock */ = {
			isa = PBXShellScriptBuildPhase;
			buildActionMask = 2147483647;
			files = (
			);
			inputPaths = (
			);
			name = "[CP] Check Pods Manifest.lock";
			outputPaths = (
			);
			runOnlyForDeploymentPostprocessing = 0;
			shellPath = /bin/sh;
			shellScript = "diff \"${PODS_PODFILE_DIR_PATH}/Podfile.lock\" \"${PODS_ROOT}/Manifest.lock\" > /dev/null\nif [ $? != 0 ] ; then\n    # print error to STDERR\n    echo \"error: The sandbox is not in sync with the Podfile.lock. Run 'pod install' or update your CocoaPods installation.\" >&2\n    exit 1\nfi\n";
			showEnvVarsInLog = 0;
		};
/* End PBXShellScriptBuildPhase section */

/* Begin PBXSourcesBuildPhase section */
		A0BD741A1F1A582A005EBC33 /* Sources */ = {
			isa = PBXSourcesBuildPhase;
			buildActionMask = 2147483647;
			files = (
				A0BD748A1F1C18F7005EBC33 /* Completable+Operators.swift in Sources */,
				A0BD74791F1B59ED005EBC33 /* TweetCellViewModel.swift in Sources */,
				A0BD74611F1B09C4005EBC33 /* TwitterSessionStore.swift in Sources */,
				A0BD74641F1B0B18005EBC33 /* Binder.swift in Sources */,
				A0BD74541F1AD7F6005EBC33 /* Coordinator.swift in Sources */,
				A0BD74701F1B287F005EBC33 /* TweetCell.swift in Sources */,
				A0BD745F1F1B09B1005EBC33 /* TwitterService.swift in Sources */,
				A0BD74691F1B15FB005EBC33 /* LoginViewController.swift in Sources */,
				A0BD74851F1BF32D005EBC33 /* TimelineViewModel.swift in Sources */,
				A0BD746E1F1B1652005EBC33 /* HomeTimelineViewModel.swift in Sources */,
				A0BD74871F1BF629005EBC33 /* TwitterDatabase.swift in Sources */,
				A0BD744E1F1A5D39005EBC33 /* AppDelegate.swift in Sources */,
				A0BD74831F1BF2AE005EBC33 /* FavouritesViewModel.swift in Sources */,
				A0BD74771F1B4447005EBC33 /* TwitterRepository.swift in Sources */,
				A0BD745B1F1AE363005EBC33 /* R.generated.swift in Sources */,
				A0BD746A1F1B15FB005EBC33 /* LoginViewModel.swift in Sources */,
				A0BD747C1F1B681B005EBC33 /* ProfileViewController.swift in Sources */,
				A0BD746C1F1B160C005EBC33 /* TimelineViewController.swift in Sources */,
				A0BD747E1F1B6828005EBC33 /* ProfileViewModel.swift in Sources */,
				A0BD74761F1B4447005EBC33 /* TwitterNetworkProxy.swift in Sources */,
			);
			runOnlyForDeploymentPostprocessing = 0;
		};
		A0BD742E1F1A582E005EBC33 /* Sources */ = {
			isa = PBXSourcesBuildPhase;
			buildActionMask = 2147483647;
			files = (
				A0BD74371F1A582E005EBC33 /* Twitter_DemoTests.swift in Sources */,
			);
			runOnlyForDeploymentPostprocessing = 0;
		};
/* End PBXSourcesBuildPhase section */

/* Begin PBXTargetDependency section */
		A0BD74341F1A582E005EBC33 /* PBXTargetDependency */ = {
			isa = PBXTargetDependency;
			target = A0BD741D1F1A582A005EBC33 /* Twitter Demo */;
			targetProxy = A0BD74331F1A582E005EBC33 /* PBXContainerItemProxy */;
		};
/* End PBXTargetDependency section */

/* Begin PBXVariantGroup section */
		A0BD74431F1A5D39005EBC33 /* LaunchScreen.storyboard */ = {
			isa = PBXVariantGroup;
			children = (
				A0BD74441F1A5D39005EBC33 /* Base */,
			);
			name = LaunchScreen.storyboard;
			sourceTree = "<group>";
		};
		A0BD74451F1A5D39005EBC33 /* Main.storyboard */ = {
			isa = PBXVariantGroup;
			children = (
				A0BD74461F1A5D39005EBC33 /* Base */,
			);
			name = Main.storyboard;
			sourceTree = "<group>";
		};
/* End PBXVariantGroup section */

/* Begin XCBuildConfiguration section */
		A0BD74391F1A582E005EBC33 /* Debug */ = {
			isa = XCBuildConfiguration;
			buildSettings = {
				ALWAYS_SEARCH_USER_PATHS = NO;
				CLANG_ANALYZER_NONNULL = YES;
				CLANG_CXX_LANGUAGE_STANDARD = "gnu++0x";
				CLANG_CXX_LIBRARY = "libc++";
				CLANG_ENABLE_MODULES = YES;
				CLANG_ENABLE_OBJC_ARC = YES;
				CLANG_WARN_BOOL_CONVERSION = YES;
				CLANG_WARN_CONSTANT_CONVERSION = YES;
				CLANG_WARN_DIRECT_OBJC_ISA_USAGE = YES_ERROR;
				CLANG_WARN_DOCUMENTATION_COMMENTS = YES;
				CLANG_WARN_EMPTY_BODY = YES;
				CLANG_WARN_ENUM_CONVERSION = YES;
				CLANG_WARN_INFINITE_RECURSION = YES;
				CLANG_WARN_INT_CONVERSION = YES;
				CLANG_WARN_OBJC_ROOT_CLASS = YES_ERROR;
				CLANG_WARN_SUSPICIOUS_MOVE = YES;
				CLANG_WARN_UNREACHABLE_CODE = YES;
				CLANG_WARN__DUPLICATE_METHOD_MATCH = YES;
				"CODE_SIGN_IDENTITY[sdk=iphoneos*]" = "iPhone Developer";
				COPY_PHASE_STRIP = NO;
				DEBUG_INFORMATION_FORMAT = dwarf;
				ENABLE_STRICT_OBJC_MSGSEND = YES;
				ENABLE_TESTABILITY = YES;
				GCC_C_LANGUAGE_STANDARD = gnu99;
				GCC_DYNAMIC_NO_PIC = NO;
				GCC_NO_COMMON_BLOCKS = YES;
				GCC_OPTIMIZATION_LEVEL = 0;
				GCC_PREPROCESSOR_DEFINITIONS = (
					"DEBUG=1",
					"$(inherited)",
				);
				GCC_WARN_64_TO_32_BIT_CONVERSION = YES;
				GCC_WARN_ABOUT_RETURN_TYPE = YES_ERROR;
				GCC_WARN_UNDECLARED_SELECTOR = YES;
				GCC_WARN_UNINITIALIZED_AUTOS = YES_AGGRESSIVE;
				GCC_WARN_UNUSED_FUNCTION = YES;
				GCC_WARN_UNUSED_VARIABLE = YES;
				IPHONEOS_DEPLOYMENT_TARGET = 10.0;
				MTL_ENABLE_DEBUG_INFO = YES;
				ONLY_ACTIVE_ARCH = YES;
				SDKROOT = iphoneos;
				SWIFT_ACTIVE_COMPILATION_CONDITIONS = DEBUG;
				SWIFT_OPTIMIZATION_LEVEL = "-Onone";
			};
			name = Debug;
		};
		A0BD743A1F1A582E005EBC33 /* Release */ = {
			isa = XCBuildConfiguration;
			buildSettings = {
				ALWAYS_SEARCH_USER_PATHS = NO;
				CLANG_ANALYZER_NONNULL = YES;
				CLANG_CXX_LANGUAGE_STANDARD = "gnu++0x";
				CLANG_CXX_LIBRARY = "libc++";
				CLANG_ENABLE_MODULES = YES;
				CLANG_ENABLE_OBJC_ARC = YES;
				CLANG_WARN_BOOL_CONVERSION = YES;
				CLANG_WARN_CONSTANT_CONVERSION = YES;
				CLANG_WARN_DIRECT_OBJC_ISA_USAGE = YES_ERROR;
				CLANG_WARN_DOCUMENTATION_COMMENTS = YES;
				CLANG_WARN_EMPTY_BODY = YES;
				CLANG_WARN_ENUM_CONVERSION = YES;
				CLANG_WARN_INFINITE_RECURSION = YES;
				CLANG_WARN_INT_CONVERSION = YES;
				CLANG_WARN_OBJC_ROOT_CLASS = YES_ERROR;
				CLANG_WARN_SUSPICIOUS_MOVE = YES;
				CLANG_WARN_UNREACHABLE_CODE = YES;
				CLANG_WARN__DUPLICATE_METHOD_MATCH = YES;
				"CODE_SIGN_IDENTITY[sdk=iphoneos*]" = "iPhone Developer";
				COPY_PHASE_STRIP = NO;
				DEBUG_INFORMATION_FORMAT = "dwarf-with-dsym";
				ENABLE_NS_ASSERTIONS = NO;
				ENABLE_STRICT_OBJC_MSGSEND = YES;
				GCC_C_LANGUAGE_STANDARD = gnu99;
				GCC_NO_COMMON_BLOCKS = YES;
				GCC_WARN_64_TO_32_BIT_CONVERSION = YES;
				GCC_WARN_ABOUT_RETURN_TYPE = YES_ERROR;
				GCC_WARN_UNDECLARED_SELECTOR = YES;
				GCC_WARN_UNINITIALIZED_AUTOS = YES_AGGRESSIVE;
				GCC_WARN_UNUSED_FUNCTION = YES;
				GCC_WARN_UNUSED_VARIABLE = YES;
				IPHONEOS_DEPLOYMENT_TARGET = 10.0;
				MTL_ENABLE_DEBUG_INFO = NO;
				SDKROOT = iphoneos;
				SWIFT_OPTIMIZATION_LEVEL = "-Owholemodule";
				VALIDATE_PRODUCT = YES;
			};
			name = Release;
		};
		A0BD743C1F1A582E005EBC33 /* Debug */ = {
			isa = XCBuildConfiguration;
			baseConfigurationReference = 4374720C3480D40F45CA4D7A /* Pods-Twitter Demo.debug.xcconfig */;
			buildSettings = {
				ASSETCATALOG_COMPILER_APPICON_NAME = AppIcon;
				DEVELOPMENT_TEAM = H9RE9MSGB7;
				INFOPLIST_FILE = "Twitter Demo/Info.plist";
				LD_RUNPATH_SEARCH_PATHS = "$(inherited) @executable_path/Frameworks";
				PRODUCT_BUNDLE_IDENTIFIER = "es.valdes.luis.demo.Twitter-Demo";
				PRODUCT_NAME = "$(TARGET_NAME)";
				SWIFT_VERSION = 3.0;
			};
			name = Debug;
		};
		A0BD743D1F1A582E005EBC33 /* Release */ = {
			isa = XCBuildConfiguration;
			baseConfigurationReference = 508DFF8833AC352E99AE8991 /* Pods-Twitter Demo.release.xcconfig */;
			buildSettings = {
				ASSETCATALOG_COMPILER_APPICON_NAME = AppIcon;
				DEVELOPMENT_TEAM = H9RE9MSGB7;
				INFOPLIST_FILE = "Twitter Demo/Info.plist";
				LD_RUNPATH_SEARCH_PATHS = "$(inherited) @executable_path/Frameworks";
				PRODUCT_BUNDLE_IDENTIFIER = "es.valdes.luis.demo.Twitter-Demo";
				PRODUCT_NAME = "$(TARGET_NAME)";
				SWIFT_VERSION = 3.0;
			};
			name = Release;
		};
		A0BD743F1F1A582E005EBC33 /* Debug */ = {
			isa = XCBuildConfiguration;
			baseConfigurationReference = 4E9E4ADB4DB1BF34C9573709 /* Pods-Twitter DemoTests.debug.xcconfig */;
			buildSettings = {
				ALWAYS_EMBED_SWIFT_STANDARD_LIBRARIES = YES;
				BUNDLE_LOADER = "$(TEST_HOST)";
				DEVELOPMENT_TEAM = H9RE9MSGB7;
				INFOPLIST_FILE = "Twitter DemoTests/Info.plist";
				LD_RUNPATH_SEARCH_PATHS = "$(inherited) @executable_path/Frameworks @loader_path/Frameworks";
				PRODUCT_BUNDLE_IDENTIFIER = "es.valdes.luis.demo.Twitter-DemoTests";
				PRODUCT_NAME = "$(TARGET_NAME)";
				SWIFT_VERSION = 3.0;
				TEST_HOST = "$(BUILT_PRODUCTS_DIR)/Twitter Demo.app/Twitter Demo";
			};
			name = Debug;
		};
		A0BD74401F1A582E005EBC33 /* Release */ = {
			isa = XCBuildConfiguration;
			baseConfigurationReference = 6E04FE62AAEE04793C66DAA6 /* Pods-Twitter DemoTests.release.xcconfig */;
			buildSettings = {
				ALWAYS_EMBED_SWIFT_STANDARD_LIBRARIES = YES;
				BUNDLE_LOADER = "$(TEST_HOST)";
				DEVELOPMENT_TEAM = H9RE9MSGB7;
				INFOPLIST_FILE = "Twitter DemoTests/Info.plist";
				LD_RUNPATH_SEARCH_PATHS = "$(inherited) @executable_path/Frameworks @loader_path/Frameworks";
				PRODUCT_BUNDLE_IDENTIFIER = "es.valdes.luis.demo.Twitter-DemoTests";
				PRODUCT_NAME = "$(TARGET_NAME)";
				SWIFT_VERSION = 3.0;
				TEST_HOST = "$(BUILT_PRODUCTS_DIR)/Twitter Demo.app/Twitter Demo";
			};
			name = Release;
		};
/* End XCBuildConfiguration section */

/* Begin XCConfigurationList section */
		A0BD74191F1A5829005EBC33 /* Build configuration list for PBXProject "Twitter Demo" */ = {
			isa = XCConfigurationList;
			buildConfigurations = (
				A0BD74391F1A582E005EBC33 /* Debug */,
				A0BD743A1F1A582E005EBC33 /* Release */,
			);
			defaultConfigurationIsVisible = 0;
			defaultConfigurationName = Release;
		};
		A0BD743B1F1A582E005EBC33 /* Build configuration list for PBXNativeTarget "Twitter Demo" */ = {
			isa = XCConfigurationList;
			buildConfigurations = (
				A0BD743C1F1A582E005EBC33 /* Debug */,
				A0BD743D1F1A582E005EBC33 /* Release */,
			);
			defaultConfigurationIsVisible = 0;
			defaultConfigurationName = Release;
		};
		A0BD743E1F1A582E005EBC33 /* Build configuration list for PBXNativeTarget "Twitter DemoTests" */ = {
			isa = XCConfigurationList;
			buildConfigurations = (
				A0BD743F1F1A582E005EBC33 /* Debug */,
				A0BD74401F1A582E005EBC33 /* Release */,
			);
			defaultConfigurationIsVisible = 0;
			defaultConfigurationName = Release;
		};
/* End XCConfigurationList section */
	};
	rootObject = A0BD74161F1A5829005EBC33 /* Project object */;
}
